// !$*UTF8*$!
{
	archiveVersion = 1;
	classes = {
	};
	objectVersion = 46;
	objects = {

/* Begin PBXBuildFile section */
		849A93F61DB05DD400C1554A /* AppDelegate.swift in Sources */ = {isa = PBXBuildFile; fileRef = 849A93F51DB05DD400C1554A /* AppDelegate.swift */; };
		849A93F81DB05DD400C1554A /* ViewController.swift in Sources */ = {isa = PBXBuildFile; fileRef = 849A93F71DB05DD400C1554A /* ViewController.swift */; };
		849A93FB1DB05DD400C1554A /* Main.storyboard in Resources */ = {isa = PBXBuildFile; fileRef = 849A93F91DB05DD400C1554A /* Main.storyboard */; };
		849A93FD1DB05DD400C1554A /* Assets.xcassets in Resources */ = {isa = PBXBuildFile; fileRef = 849A93FC1DB05DD400C1554A /* Assets.xcassets */; };
		849A94001DB05DD400C1554A /* LaunchScreen.storyboard in Resources */ = {isa = PBXBuildFile; fileRef = 849A93FE1DB05DD400C1554A /* LaunchScreen.storyboard */; };
/* End PBXBuildFile section */

/* Begin PBXFileReference section */
		849A93F21DB05DD400C1554A /* actSourceControl.app */ = {isa = PBXFileReference; explicitFileType = wrapper.application; includeInIndex = 0; path = actSourceControl.app; sourceTree = BUILT_PRODUCTS_DIR; };
		849A93F51DB05DD400C1554A /* AppDelegate.swift */ = {isa = PBXFileReference; lastKnownFileType = sourcecode.swift; path = AppDelegate.swift; sourceTree = "<group>"; };
		849A93F71DB05DD400C1554A /* ViewController.swift */ = {isa = PBXFileReference; lastKnownFileType = sourcecode.swift; path = ViewController.swift; sourceTree = "<group>"; };
		849A93FA1DB05DD400C1554A /* Base */ = {isa = PBXFileReference; lastKnownFileType = file.storyboard; name = Base; path = Base.lproj/Main.storyboard; sourceTree = "<group>"; };
		849A93FC1DB05DD400C1554A /* Assets.xcassets */ = {isa = PBXFileReference; lastKnownFileType = folder.assetcatalog; path = Assets.xcassets; sourceTree = "<group>"; };
		849A93FF1DB05DD400C1554A /* Base */ = {isa = PBXFileReference; lastKnownFileType = file.storyboard; name = Base; path = Base.lproj/LaunchScreen.storyboard; sourceTree = "<group>"; };
		849A94011DB05DD400C1554A /* Info.plist */ = {isa = PBXFileReference; lastKnownFileType = text.plist.xml; path = Info.plist; sourceTree = "<group>"; };
/* End PBXFileReference section */

/* Begin PBXFrameworksBuildPhase section */
		849A93EF1DB05DD400C1554A /* Frameworks */ = {
			isa = PBXFrameworksBuildPhase;
			buildActionMask = 2147483647;
			files = (
			);
			runOnlyForDeploymentPostprocessing = 0;
		};
/* End PBXFrameworksBuildPhase section */

/* Begin PBXGroup section */
		849A93E91DB05DD400C1554A = {
			isa = PBXGroup;
			children = (
				849A93F41DB05DD400C1554A /* actSourceControl */,
				849A93F31DB05DD400C1554A /* Products */,
			);
			sourceTree = "<group>";
		};
		849A93F31DB05DD400C1554A /* Products */ = {
			isa = PBXGroup;
			children = (
				849A93F21DB05DD400C1554A /* actSourceControl.app */,
			);
			name = Products;
			sourceTree = "<group>";
		};
		849A93F41DB05DD400C1554A /* actSourceControl */ = {
			isa = PBXGroup;
			children = (
				849A93F51DB05DD400C1554A /* AppDelegate.swift */,
				849A93F71DB05DD400C1554A /* ViewController.swift */,
				849A93F91DB05DD400C1554A /* Main.storyboard */,
				849A93FC1DB05DD400C1554A /* Assets.xcassets */,
				849A93FE1DB05DD400C1554A /* LaunchScreen.storyboard */,
				849A94011DB05DD400C1554A /* Info.plist */,
			);
			path = actSourceControl;
			sourceTree = "<group>";
		};
/* End PBXGroup section */

/* Begin PBXNativeTarget section */
		849A93F11DB05DD400C1554A /* actSourceControl */ = {
			isa = PBXNativeTarget;
			buildConfigurationList = 849A94041DB05DD400C1554A /* Build configuration list for PBXNativeTarget "actSourceControl" */;
			buildPhases = (
				849A93EE1DB05DD400C1554A /* Sources */,
				849A93EF1DB05DD400C1554A /* Frameworks */,
				849A93F01DB05DD400C1554A /* Resources */,
			);
			buildRules = (
			);
			dependencies = (
			);
			name = actSourceControl;
			productName = actSourceControl;
			productReference = 849A93F21DB05DD400C1554A /* actSourceControl.app */;
			productType = "com.apple.product-type.application";
		};
/* End PBXNativeTarget section */

/* Begin PBXProject section */
		849A93EA1DB05DD400C1554A /* Project object */ = {
			isa = PBXProject;
			attributes = {
				LastSwiftUpdateCheck = 0730;
				LastUpgradeCheck = 0730;
				ORGANIZATIONNAME = Electronet7;
				TargetAttributes = {
					849A93F11DB05DD400C1554A = {
						CreatedOnToolsVersion = 7.3.1;
					};
				};
			};
			buildConfigurationList = 849A93ED1DB05DD400C1554A /* Build configuration list for PBXProject "actSourceControl" */;
			compatibilityVersion = "Xcode 3.2";
			developmentRegion = English;
			hasScannedForEncodings = 0;
			knownRegions = (
				en,
				Base,
			);
			mainGroup = 849A93E91DB05DD400C1554A;
			productRefGroup = 849A93F31DB05DD400C1554A /* Products */;
			projectDirPath = "";
			projectRoot = "";
			targets = (
				849A93F11DB05DD400C1554A /* actSourceControl */,
			);
		};
/* End PBXProject section */

/* Begin PBXResourcesBuildPhase section */
		849A93F01DB05DD400C1554A /* Resources */ = {
			isa = PBXResourcesBuildPhase;
			buildActionMask = 2147483647;
			files = (
				849A94001DB05DD400C1554A /* LaunchScreen.storyboard in Resources */,
				849A93FD1DB05DD400C1554A /* Assets.xcassets in Resources */,
				849A93FB1DB05DD400C1554A /* Main.storyboard in Resources */,
			);
			runOnlyForDeploymentPostprocessing = 0;
		};
/* End PBXResourcesBuildPhase section */

/* Begin PBXSourcesBuildPhase section */
		849A93EE1DB05DD400C1554A /* Sources */ = {
			isa = PBXSourcesBuildPhase;
			buildActionMask = 2147483647;
			files = (
				849A93F81DB05DD400C1554A /* ViewController.swift in Sources */,
				849A93F61DB05DD400C1554A /* AppDelegate.swift in Sources */,
			);
			runOnlyForDeploymentPostprocessing = 0;
		};
/* End PBXSourcesBuildPhase section */

/* Begin PBXVariantGroup section */
		849A93F91DB05DD400C1554A /* Main.storyboard */ = {
			isa = PBXVariantGroup;
			children = (
				849A93FA1DB05DD400C1554A /* Base */,
			);
			name = Main.storyboard;
			sourceTree = "<group>";
		};
		849A93FE1DB05DD400C1554A /* LaunchScreen.storyboard */ = {
			isa = PBXVariantGroup;
			children = (
				849A93FF1DB05DD400C1554A /* Base */,
			);
			name = LaunchScreen.storyboard;
			sourceTree = "<group>";
		};
/* End PBXVariantGroup section */

/* Begin XCBuildConfiguration section */
		849A94021DB05DD400C1554A /* Debug */ = {
			isa = XCBuildConfiguration;
			buildSettings = {
				ALWAYS_SEARCH_USER_PATHS = NO;
				CLANG_ANALYZER_NONNULL = YES;
				CLANG_CXX_LANGUAGE_STANDARD = "gnu++0x";
				CLANG_CXX_LIBRARY = "libc++";
				CLANG_ENABLE_MODULES = YES;
				CLANG_ENABLE_OBJC_ARC = YES;
				CLANG_WARN_BOOL_CONVERSION = YES;
				CLANG_WARN_CONSTANT_CONVERSION = YES;
				CLANG_WARN_DIRECT_OBJC_ISA_USAGE = YES_ERROR;
				CLANG_WARN_EMPTY_BODY = YES;
				CLANG_WARN_ENUM_CONVERSION = YES;
				CLANG_WARN_INT_CONVERSION = YES;
				CLANG_WARN_OBJC_ROOT_CLASS = YES_ERROR;
				CLANG_WARN_UNREACHABLE_CODE = YES;
				CLANG_WARN__DUPLICATE_METHOD_MATCH = YES;
				"CODE_SIGN_IDENTITY[sdk=iphoneos*]" = "iPhone Developer";
				COPY_PHASE_STRIP = NO;
				DEBUG_INFORMATION_FORMAT = dwarf;
				ENABLE_STRICT_OBJC_MSGSEND = YES;
				ENABLE_TESTABILITY = YES;
				GCC_C_LANGUAGE_STANDARD = gnu99;
				GCC_DYNAMIC_NO_PIC = NO;
				GCC_NO_COMMON_BLOCKS = YES;
				GCC_OPTIMIZATION_LEVEL = 0;
				GCC_PREPROCESSOR_DEFINITIONS = (
					"DEBUG=1",
					"$(inherited)",
				);
				GCC_WARN_64_TO_32_BIT_CONVERSION = YES;
				GCC_WARN_ABOUT_RETURN_TYPE = YES_ERROR;
				GCC_WARN_UNDECLARED_SELECTOR = YES;
				GCC_WARN_UNINITIALIZED_AUTOS = YES_AGGRESSIVE;
				GCC_WARN_UNUSED_FUNCTION = YES;
				GCC_WARN_UNUSED_VARIABLE = YES;
				IPHONEOS_DEPLOYMENT_TARGET = 9.3;
				MTL_ENABLE_DEBUG_INFO = YES;
				ONLY_ACTIVE_ARCH = YES;
				SDKROOT = iphoneos;
				SWIFT_OPTIMIZATION_LEVEL = "-Onone";
			};
			name = Debug;
		};
		849A94031DB05DD400C1554A /* Release */ = {
			isa = XCBuildConfiguration;
			buildSettings = {
				ALWAYS_SEARCH_USER_PATHS = NO;
				CLANG_ANALYZER_NONNULL = YES;
				CLANG_CXX_LANGUAGE_STANDARD = "gnu++0x";
				CLANG_CXX_LIBRARY = "libc++";
				CLANG_ENABLE_MODULES = YES;
				CLANG_ENABLE_OBJC_ARC = YES;
				CLANG_WARN_BOOL_CONVERSION = YES;
				CLANG_WARN_CONSTANT_CONVERSION = YES;
				CLANG_WARN_DIRECT_OBJC_ISA_USAGE = YES_ERROR;
				CLANG_WARN_EMPTY_BODY = YES;
				CLANG_WARN_ENUM_CONVERSION = YES;
				CLANG_WARN_INT_CONVERSION = YES;
				CLANG_WARN_OBJC_ROOT_CLASS = YES_ERROR;
				CLANG_WARN_UNREACHABLE_CODE = YES;
				CLANG_WARN__DUPLICATE_METHOD_MATCH = YES;
				"CODE_SIGN_IDENTITY[sdk=iphoneos*]" = "iPhone Developer";
				COPY_PHASE_STRIP = NO;
				DEBUG_INFORMATION_FORMAT = "dwarf-with-dsym";
				ENABLE_NS_ASSERTIONS = NO;
				ENABLE_STRICT_OBJC_MSGSEND = YES;
				GCC_C_LANGUAGE_STANDARD = gnu99;
				GCC_NO_COMMON_BLOCKS = YES;
				GCC_WARN_64_TO_32_BIT_CONVERSION = YES;
				GCC_WARN_ABOUT_RETURN_TYPE = YES_ERROR;
				GCC_WARN_UNDECLARED_SELECTOR = YES;
				GCC_WARN_UNINITIALIZED_AUTOS = YES_AGGRESSIVE;
				GCC_WARN_UNUSED_FUNCTION = YES;
				GCC_WARN_UNUSED_VARIABLE = YES;
				IPHONEOS_DEPLOYMENT_TARGET = 9.3;
				MTL_ENABLE_DEBUG_INFO = NO;
				SDKROOT = iphoneos;
				VALIDATE_PRODUCT = YES;
			};
			name = Release;
		};
		849A94051DB05DD400C1554A /* Debug */ = {
			isa = XCBuildConfiguration;
			buildSettings = {
				ASSETCATALOG_COMPILER_APPICON_NAME = AppIcon;
				INFOPLIST_FILE = actSourceControl/Info.plist;
				LD_RUNPATH_SEARCH_PATHS = "$(inherited) @executable_path/Frameworks";
				PRODUCT_BUNDLE_IDENTIFIER = com.electronet7.iosdeveloper.actSourceControl;
				PRODUCT_NAME = "$(TARGET_NAME)";
			};
			name = Debug;
		};
		849A94061DB05DD400C1554A /* Release */ = {
			isa = XCBuildConfiguration;
			buildSettings = {
				ASSETCATALOG_COMPILER_APPICON_NAME = AppIcon;
				INFOPLIST_FILE = actSourceControl/Info.plist;
				LD_RUNPATH_SEARCH_PATHS = "$(inherited) @executable_path/Frameworks";
				PRODUCT_BUNDLE_IDENTIFIER = com.electronet7.iosdeveloper.actSourceControl;
				PRODUCT_NAME = "$(TARGET_NAME)";
			};
			name = Release;
		};
/* End XCBuildConfiguration section */

/* Begin XCConfigurationList section */
		849A93ED1DB05DD400C1554A /* Build configuration list for PBXProject "actSourceControl" */ = {
			isa = XCConfigurationList;
			buildConfigurations = (
				849A94021DB05DD400C1554A /* Debug */,
				849A94031DB05DD400C1554A /* Release */,
			);
			defaultConfigurationIsVisible = 0;
			defaultConfigurationName = Release;
		};
		849A94041DB05DD400C1554A /* Build configuration list for PBXNativeTarget "actSourceControl" */ = {
			isa = XCConfigurationList;
			buildConfigurations = (
				849A94051DB05DD400C1554A /* Debug */,
				849A94061DB05DD400C1554A /* Release */,
			);
			defaultConfigurationIsVisible = 0;
		};
/* End XCConfigurationList section */
	};
	rootObject = 849A93EA1DB05DD400C1554A /* Project object */;
}
